
Microsoft Visual Studio Solution File, Format Version 12.00
# Visual Studio 2013
VisualStudioVersion = 12.0.40629.0
MinimumVisualStudioVersion = 10.0.40219.1
Project("{FAE04EC0-301F-11D3-BF4B-00C04F79EFBC}") = "VillageCinemas.Web", "VillageCinemas.Web\VillageCinemas.Web.csproj", "{B7202967-8D3F-48B7-8FDB-2EA2916808D1}"
EndProject
Project("{FAE04EC0-301F-11D3-BF4B-00C04F79EFBC}") = "VillageCinemas.Web.Tests", "VillageCinemas.Web.Tests\VillageCinemas.Web.Tests.csproj", "{3C631F2E-6B7D-4AF8-820D-2FFE048DAC45}"
EndProject
Project("{2150E333-8FDC-42A3-9474-1A3956D46DE8}") = ".nuget", ".nuget", "{3CEAF35C-E42C-49C1-A968-7E8BA0E98CC0}"
	ProjectSection(SolutionItems) = preProject
		.nuget\NuGet.Config = .nuget\NuGet.Config
		.nuget\NuGet.exe = .nuget\NuGet.exe
		.nuget\NuGet.targets = .nuget\NuGet.targets
	EndProjectSection
EndProject
Project("{FAE04EC0-301F-11D3-BF4B-00C04F79EFBC}") = "VillageCinemas.WindowsService", "VillageCinemas.WindowsService\VillageCinemas.WindowsService.csproj", "{91DAA5F0-ADDB-49E0-AC74-0EC1E799BBEE}"
EndProject
Global
	GlobalSection(SolutionConfigurationPlatforms) = preSolution
		Debug|Any CPU = Debug|Any CPU
		Release|Any CPU = Release|Any CPU
	EndGlobalSection
	GlobalSection(ProjectConfigurationPlatforms) = postSolution
		{B7202967-8D3F-48B7-8FDB-2EA2916808D1}.Debug|Any CPU.ActiveCfg = Debug|Any CPU
		{B7202967-8D3F-48B7-8FDB-2EA2916808D1}.Debug|Any CPU.Build.0 = Debug|Any CPU
		{B7202967-8D3F-48B7-8FDB-2EA2916808D1}.Release|Any CPU.ActiveCfg = Release|Any CPU
		{B7202967-8D3F-48B7-8FDB-2EA2916808D1}.Release|Any CPU.Build.0 = Release|Any CPU
		{3C631F2E-6B7D-4AF8-820D-2FFE048DAC45}.Debug|Any CPU.ActiveCfg = Debug|Any CPU
		{3C631F2E-6B7D-4AF8-820D-2FFE048DAC45}.Debug|Any CPU.Build.0 = Debug|Any CPU
		{3C631F2E-6B7D-4AF8-820D-2FFE048DAC45}.Release|Any CPU.ActiveCfg = Release|Any CPU
		{3C631F2E-6B7D-4AF8-820D-2FFE048DAC45}.Release|Any CPU.Build.0 = Release|Any CPU
		{91DAA5F0-ADDB-49E0-AC74-0EC1E799BBEE}.Debug|Any CPU.ActiveCfg = Debug|Any CPU
		{91DAA5F0-ADDB-49E0-AC74-0EC1E799BBEE}.Debug|Any CPU.Build.0 = Debug|Any CPU
		{91DAA5F0-ADDB-49E0-AC74-0EC1E799BBEE}.Release|Any CPU.ActiveCfg = Release|Any CPU
		{91DAA5F0-ADDB-49E0-AC74-0EC1E799BBEE}.Release|Any CPU.Build.0 = Release|Any CPU
	EndGlobalSection
	GlobalSection(SolutionProperties) = preSolution
		HideSolutionNode = FALSE
	EndGlobalSection
EndGlobal
